Microsoft Visual Studio Solution File, Format Version 12.00
# Visual Studio Version 17
VisualStudioVersion = 17.5.2.0
MinimumVisualStudioVersion = 10.0.40219.1
Project("{FAE04EC0-301F-11D3-BF4B-00C04F79EFBC}") = "NFL Predictions", "NFL Predictions.csproj", "{4670E8D3-6E1C-C10A-DE48-0E1DFFB08095}"
EndProject
Global
	GlobalSection(SolutionConfigurationPlatforms) = preSolution
		Debug|Any CPU = Debug|Any CPU
		Release|Any CPU = Release|Any CPU
	EndGlobalSection
	GlobalSection(ProjectConfigurationPlatforms) = postSolution
		{4670E8D3-6E1C-C10A-DE48-0E1DFFB08095}.Debug|Any CPU.ActiveCfg = Debug|Any CPU
		{4670E8D3-6E1C-C10A-DE48-0E1DFFB08095}.Debug|Any CPU.Build.0 = Debug|Any CPU
		{4670E8D3-6E1C-C10A-DE48-0E1DFFB08095}.Release|Any CPU.ActiveCfg = Release|Any CPU
		{4670E8D3-6E1C-C10A-DE48-0E1DFFB08095}.Release|Any CPU.Build.0 = Release|Any CPU
	EndGlobalSection
	GlobalSection(SolutionProperties) = preSolution
		HideSolutionNode = FALSE
	EndGlobalSection
	GlobalSection(ExtensibilityGlobals) = postSolution
		SolutionGuid = {2E16EA7D-FCEE-4057-A671-A47CA3288592}
	EndGlobalSection
EndGlobal
